
Microsoft Visual Studio Solution File, Format Version 12.00
# Visual Studio Version 16
VisualStudioVersion = 16.0.29609.76
MinimumVisualStudioVersion = 10.0.40219.1
Project("{FAE04EC0-301F-11D3-BF4B-00C04F79EFBC}") = "qlsv", "qlsv\qlsv.csproj", "{C48E6C4C-34AF-47F3-ADF8-4FD91F17B51E}"
EndProject
Global
	GlobalSection(SolutionConfigurationPlatforms) = preSolution
		Debug|Any CPU = Debug|Any CPU
		Release|Any CPU = Release|Any CPU
	EndGlobalSection
	GlobalSection(ProjectConfigurationPlatforms) = postSolution
		{C48E6C4C-34AF-47F3-ADF8-4FD91F17B51E}.Debug|Any CPU.ActiveCfg = Debug|Any CPU
		{C48E6C4C-34AF-47F3-ADF8-4FD91F17B51E}.Debug|Any CPU.Build.0 = Debug|Any CPU
		{C48E6C4C-34AF-47F3-ADF8-4FD91F17B51E}.Release|Any CPU.ActiveCfg = Release|Any CPU
		{C48E6C4C-34AF-47F3-ADF8-4FD91F17B51E}.Release|Any CPU.Build.0 = Release|Any CPU
	EndGlobalSection
	GlobalSection(SolutionProperties) = preSolution
		HideSolutionNode = FALSE
	EndGlobalSection
	GlobalSection(ExtensibilityGlobals) = postSolution
		SolutionGuid = {5387F2D7-5AC0-408B-B3A5-A973A8B91B0A}
	EndGlobalSection
EndGlobal
